
Microsoft Visual Studio Solution File, Format Version 12.00
# Visual Studio Version 16
VisualStudioVersion = 16.0.31321.278
MinimumVisualStudioVersion = 10.0.40219.1
Project("{9A19103F-16F7-4668-BE54-9A1E7A4F7556}") = "DevIO.Business", "src\DevIO.Business\DevIO.Business.csproj", "{91855D9B-FAF8-4337-94A2-514192BF97B1}"
EndProject
Project("{9A19103F-16F7-4668-BE54-9A1E7A4F7556}") = "DevIO.Data", "src\DevIO.Data\DevIO.Data.csproj", "{AFA149B0-C951-4F1C-A33E-D5CBF916329A}"
EndProject
Project("{FAE04EC0-301F-11D3-BF4B-00C04F79EFBC}") = "DevIO.Api", "src\DevIO.Api\DevIO.Api.csproj", "{EB1B3CE0-CF30-4B21-872D-90DA6BC1BD4B}"
EndProject
Global
	GlobalSection(SolutionConfigurationPlatforms) = preSolution
		Debug|Any CPU = Debug|Any CPU
		Release|Any CPU = Release|Any CPU
	EndGlobalSection
	GlobalSection(ProjectConfigurationPlatforms) = postSolution
		{91855D9B-FAF8-4337-94A2-514192BF97B1}.Debug|Any CPU.ActiveCfg = Debug|Any CPU
		{91855D9B-FAF8-4337-94A2-514192BF97B1}.Debug|Any CPU.Build.0 = Debug|Any CPU
		{91855D9B-FAF8-4337-94A2-514192BF97B1}.Release|Any CPU.ActiveCfg = Release|Any CPU
		{91855D9B-FAF8-4337-94A2-514192BF97B1}.Release|Any CPU.Build.0 = Release|Any CPU
		{AFA149B0-C951-4F1C-A33E-D5CBF916329A}.Debug|Any CPU.ActiveCfg = Debug|Any CPU
		{AFA149B0-C951-4F1C-A33E-D5CBF916329A}.Debug|Any CPU.Build.0 = Debug|Any CPU
		{AFA149B0-C951-4F1C-A33E-D5CBF916329A}.Release|Any CPU.ActiveCfg = Release|Any CPU
		{AFA149B0-C951-4F1C-A33E-D5CBF916329A}.Release|Any CPU.Build.0 = Release|Any CPU
		{EB1B3CE0-CF30-4B21-872D-90DA6BC1BD4B}.Debug|Any CPU.ActiveCfg = Debug|Any CPU
		{EB1B3CE0-CF30-4B21-872D-90DA6BC1BD4B}.Debug|Any CPU.Build.0 = Debug|Any CPU
		{EB1B3CE0-CF30-4B21-872D-90DA6BC1BD4B}.Release|Any CPU.ActiveCfg = Release|Any CPU
		{EB1B3CE0-CF30-4B21-872D-90DA6BC1BD4B}.Release|Any CPU.Build.0 = Release|Any CPU
	EndGlobalSection
	GlobalSection(SolutionProperties) = preSolution
		HideSolutionNode = FALSE
	EndGlobalSection
	GlobalSection(ExtensibilityGlobals) = postSolution
		SolutionGuid = {E1630DCB-3437-4122-B032-FC18C4874025}
	EndGlobalSection
EndGlobal
